PODS:
  - Alamofire (5.6.1)
  - Kingfisher (6.3.1)
  - netfox (1.21.0)
  - NVActivityIndicatorView (5.1.1):
    - NVActivityIndicatorView/Base (= 5.1.1)
  - NVActivityIndicatorView/Base (5.1.1)
  - RxCocoa (4.5.0):
    - RxSwift (>= 4.4.2, ~> 4.4)
  - RxSwift (4.5.0)
  - SkeletonView (1.29.2)
  - Swinject (2.8.1)

DEPENDENCIES:
  - Alamofire (~> 5.4)
  - Kingfisher (~> 6.3.1)
  - netfox
  - NVActivityIndicatorView
  - RxCocoa (~> 4.0)
  - RxSwift (~> 4.0)
  - SkeletonView
  - Swinject

SPEC REPOS:
  trunk:
    - Alamofire
    - Kingfisher
    - netfox
    - NVActivityIndicatorView
    - RxCocoa
    - RxSwift
    - SkeletonView
    - Swinject

SPEC CHECKSUMS:
  Alamofire: 87bd8c952f9a4454320fce00d9cc3de57bcadaf5
  Kingfisher: 016c8b653a35add51dd34a3aba36b580041acc74
  netfox: 9d5cc727fe7576c4c7688a2504618a156b7d44b7
  NVActivityIndicatorView: 1f6c5687f1171810aa27a3296814dc2d7dec3667
  RxCocoa: cbf70265dc65a981d4ac982e513c10cf23df24a0
  RxSwift: f172070dfd1a93d70a9ab97a5a01166206e1c575
  SkeletonView: 915a80ecc2b6421ab7ac0f0212321c0cc1406472
  Swinject: 97112918bd7e0785dc2df7036213f3c8cbba6586

PODFILE CHECKSUM: 85f9691a1d8e08bf66a48713813b3b0b5d98324a

COCOAPODS: 1.11.3
